// !$*UTF8*$!
{
	archiveVersion = 1;
	classes = {
	};
	objectVersion = 50;
	objects = {

/* Begin PBXBuildFile section */
		32FD54D82555794F00BE13BD /* AppDelegate.swift in Sources */ = {isa = PBXBuildFile; fileRef = 32FD54D72555794F00BE13BD /* AppDelegate.swift */; };
		32FD54DA2555794F00BE13BD /* SceneDelegate.swift in Sources */ = {isa = PBXBuildFile; fileRef = 32FD54D92555794F00BE13BD /* SceneDelegate.swift */; };
		32FD54DC2555795000BE13BD /* ViewController.swift in Sources */ = {isa = PBXBuildFile; fileRef = 32FD54DB2555794F00BE13BD /* ViewController.swift */; };
		32FD54DF2555795000BE13BD /* Main.storyboard in Resources */ = {isa = PBXBuildFile; fileRef = 32FD54DD2555795000BE13BD /* Main.storyboard */; };
		32FD54E12555795E00BE13BD /* Assets.xcassets in Resources */ = {isa = PBXBuildFile; fileRef = 32FD54E02555795E00BE13BD /* Assets.xcassets */; };
		32FD54E42555795E00BE13BD /* LaunchScreen.storyboard in Resources */ = {isa = PBXBuildFile; fileRef = 32FD54E22555795E00BE13BD /* LaunchScreen.storyboard */; };
		32FD54EC255598AF00BE13BD /* Business.swift in Sources */ = {isa = PBXBuildFile; fileRef = 32FD54EB255598AF00BE13BD /* Business.swift */; };
/* End PBXBuildFile section */

/* Begin PBXFileReference section */
		32FD54D42555794F00BE13BD /* 11_06_MapKit.app */ = {isa = PBXFileReference; explicitFileType = wrapper.application; includeInIndex = 0; path = 11_06_MapKit.app; sourceTree = BUILT_PRODUCTS_DIR; };
		32FD54D72555794F00BE13BD /* AppDelegate.swift */ = {isa = PBXFileReference; lastKnownFileType = sourcecode.swift; path = AppDelegate.swift; sourceTree = "<group>"; };
		32FD54D92555794F00BE13BD /* SceneDelegate.swift */ = {isa = PBXFileReference; lastKnownFileType = sourcecode.swift; path = SceneDelegate.swift; sourceTree = "<group>"; };
		32FD54DB2555794F00BE13BD /* ViewController.swift */ = {isa = PBXFileReference; lastKnownFileType = sourcecode.swift; path = ViewController.swift; sourceTree = "<group>"; };
		32FD54DE2555795000BE13BD /* Base */ = {isa = PBXFileReference; lastKnownFileType = file.storyboard; name = Base; path = Base.lproj/Main.storyboard; sourceTree = "<group>"; };
		32FD54E02555795E00BE13BD /* Assets.xcassets */ = {isa = PBXFileReference; lastKnownFileType = folder.assetcatalog; path = Assets.xcassets; sourceTree = "<group>"; };
		32FD54E32555795E00BE13BD /* Base */ = {isa = PBXFileReference; lastKnownFileType = file.storyboard; name = Base; path = Base.lproj/LaunchScreen.storyboard; sourceTree = "<group>"; };
		32FD54E52555795E00BE13BD /* Info.plist */ = {isa = PBXFileReference; lastKnownFileType = text.plist.xml; path = Info.plist; sourceTree = "<group>"; };
		32FD54EB255598AF00BE13BD /* Business.swift */ = {isa = PBXFileReference; lastKnownFileType = sourcecode.swift; path = Business.swift; sourceTree = "<group>"; };
/* End PBXFileReference section */

/* Begin PBXFrameworksBuildPhase section */
		32FD54D12555794F00BE13BD /* Frameworks */ = {
			isa = PBXFrameworksBuildPhase;
			buildActionMask = 2147483647;
			files = (
			);
			runOnlyForDeploymentPostprocessing = 0;
		};
/* End PBXFrameworksBuildPhase section */

/* Begin PBXGroup section */
		32FD54CB2555794F00BE13BD = {
			isa = PBXGroup;
			children = (
				32FD54D62555794F00BE13BD /* 11_06_MapKit */,
				32FD54D52555794F00BE13BD /* Products */,
			);
			sourceTree = "<group>";
		};
		32FD54D52555794F00BE13BD /* Products */ = {
			isa = PBXGroup;
			children = (
				32FD54D42555794F00BE13BD /* 11_06_MapKit.app */,
			);
			name = Products;
			sourceTree = "<group>";
		};
		32FD54D62555794F00BE13BD /* 11_06_MapKit */ = {
			isa = PBXGroup;
			children = (
				32FD54D72555794F00BE13BD /* AppDelegate.swift */,
				32FD54D92555794F00BE13BD /* SceneDelegate.swift */,
				32FD54DB2555794F00BE13BD /* ViewController.swift */,
				32FD54EB255598AF00BE13BD /* Business.swift */,
				32FD54DD2555795000BE13BD /* Main.storyboard */,
				32FD54E02555795E00BE13BD /* Assets.xcassets */,
				32FD54E22555795E00BE13BD /* LaunchScreen.storyboard */,
				32FD54E52555795E00BE13BD /* Info.plist */,
			);
			path = 11_06_MapKit;
			sourceTree = "<group>";
		};
/* End PBXGroup section */

/* Begin PBXNativeTarget section */
		32FD54D32555794F00BE13BD /* 11_06_MapKit */ = {
			isa = PBXNativeTarget;
			buildConfigurationList = 32FD54E82555795E00BE13BD /* Build configuration list for PBXNativeTarget "11_06_MapKit" */;
			buildPhases = (
				32FD54D02555794F00BE13BD /* Sources */,
				32FD54D12555794F00BE13BD /* Frameworks */,
				32FD54D22555794F00BE13BD /* Resources */,
			);
			buildRules = (
			);
			dependencies = (
			);
			name = 11_06_MapKit;
			productName = 11_06_MapKit;
			productReference = 32FD54D42555794F00BE13BD /* 11_06_MapKit.app */;
			productType = "com.apple.product-type.application";
		};
/* End PBXNativeTarget section */

/* Begin PBXProject section */
		32FD54CC2555794F00BE13BD /* Project object */ = {
			isa = PBXProject;
			attributes = {
				LastSwiftUpdateCheck = 1130;
				LastUpgradeCheck = 1130;
				ORGANIZATIONNAME = "Fernanda Fernandes";
				TargetAttributes = {
					32FD54D32555794F00BE13BD = {
						CreatedOnToolsVersion = 11.3.1;
					};
				};
			};
			buildConfigurationList = 32FD54CF2555794F00BE13BD /* Build configuration list for PBXProject "11_06_MapKit" */;
			compatibilityVersion = "Xcode 9.3";
			developmentRegion = en;
			hasScannedForEncodings = 0;
			knownRegions = (
				en,
				Base,
			);
			mainGroup = 32FD54CB2555794F00BE13BD;
			productRefGroup = 32FD54D52555794F00BE13BD /* Products */;
			projectDirPath = "";
			projectRoot = "";
			targets = (
				32FD54D32555794F00BE13BD /* 11_06_MapKit */,
			);
		};
/* End PBXProject section */

/* Begin PBXResourcesBuildPhase section */
		32FD54D22555794F00BE13BD /* Resources */ = {
			isa = PBXResourcesBuildPhase;
			buildActionMask = 2147483647;
			files = (
				32FD54E42555795E00BE13BD /* LaunchScreen.storyboard in Resources */,
				32FD54E12555795E00BE13BD /* Assets.xcassets in Resources */,
				32FD54DF2555795000BE13BD /* Main.storyboard in Resources */,
			);
			runOnlyForDeploymentPostprocessing = 0;
		};
/* End PBXResourcesBuildPhase section */

/* Begin PBXSourcesBuildPhase section */
		32FD54D02555794F00BE13BD /* Sources */ = {
			isa = PBXSourcesBuildPhase;
			buildActionMask = 2147483647;
			files = (
				32FD54DC2555795000BE13BD /* ViewController.swift in Sources */,
				32FD54EC255598AF00BE13BD /* Business.swift in Sources */,
				32FD54D82555794F00BE13BD /* AppDelegate.swift in Sources */,
				32FD54DA2555794F00BE13BD /* SceneDelegate.swift in Sources */,
			);
			runOnlyForDeploymentPostprocessing = 0;
		};
/* End PBXSourcesBuildPhase section */

/* Begin PBXVariantGroup section */
		32FD54DD2555795000BE13BD /* Main.storyboard */ = {
			isa = PBXVariantGroup;
			children = (
				32FD54DE2555795000BE13BD /* Base */,
			);
			name = Main.storyboard;
			sourceTree = "<group>";
		};
		32FD54E22555795E00BE13BD /* LaunchScreen.storyboard */ = {
			isa = PBXVariantGroup;
			children = (
				32FD54E32555795E00BE13BD /* Base */,
			);
			name = LaunchScreen.storyboard;
			sourceTree = "<group>";
		};
/* End PBXVariantGroup section */

/* Begin XCBuildConfiguration section */
		32FD54E62555795E00BE13BD /* Debug */ = {
			isa = XCBuildConfiguration;
			buildSettings = {
				ALWAYS_SEARCH_USER_PATHS = NO;
				CLANG_ANALYZER_NONNULL = YES;
				CLANG_ANALYZER_NUMBER_OBJECT_CONVERSION = YES_AGGRESSIVE;
				CLANG_CXX_LANGUAGE_STANDARD = "gnu++14";
				CLANG_CXX_LIBRARY = "libc++";
				CLANG_ENABLE_MODULES = YES;
				CLANG_ENABLE_OBJC_ARC = YES;
				CLANG_ENABLE_OBJC_WEAK = YES;
				CLANG_WARN_BLOCK_CAPTURE_AUTORELEASING = YES;
				CLANG_WARN_BOOL_CONVERSION = YES;
				CLANG_WARN_COMMA = YES;
				CLANG_WARN_CONSTANT_CONVERSION = YES;
				CLANG_WARN_DEPRECATED_OBJC_IMPLEMENTATIONS = YES;
				CLANG_WARN_DIRECT_OBJC_ISA_USAGE = YES_ERROR;
				CLANG_WARN_DOCUMENTATION_COMMENTS = YES;
				CLANG_WARN_EMPTY_BODY = YES;
				CLANG_WARN_ENUM_CONVERSION = YES;
				CLANG_WARN_INFINITE_RECURSION = YES;
				CLANG_WARN_INT_CONVERSION = YES;
				CLANG_WARN_NON_LITERAL_NULL_CONVERSION = YES;
				CLANG_WARN_OBJC_IMPLICIT_RETAIN_SELF = YES;
				CLANG_WARN_OBJC_LITERAL_CONVERSION = YES;
				CLANG_WARN_OBJC_ROOT_CLASS = YES_ERROR;
				CLANG_WARN_RANGE_LOOP_ANALYSIS = YES;
				CLANG_WARN_STRICT_PROTOTYPES = YES;
				CLANG_WARN_SUSPICIOUS_MOVE = YES;
				CLANG_WARN_UNGUARDED_AVAILABILITY = YES_AGGRESSIVE;
				CLANG_WARN_UNREACHABLE_CODE = YES;
				CLANG_WARN__DUPLICATE_METHOD_MATCH = YES;
				COPY_PHASE_STRIP = NO;
				DEBUG_INFORMATION_FORMAT = dwarf;
				ENABLE_STRICT_OBJC_MSGSEND = YES;
				ENABLE_TESTABILITY = YES;
				GCC_C_LANGUAGE_STANDARD = gnu11;
				GCC_DYNAMIC_NO_PIC = NO;
				GCC_NO_COMMON_BLOCKS = YES;
				GCC_OPTIMIZATION_LEVEL = 0;
				GCC_PREPROCESSOR_DEFINITIONS = (
					"DEBUG=1",
					"$(inherited)",
				);
				GCC_WARN_64_TO_32_BIT_CONVERSION = YES;
				GCC_WARN_ABOUT_RETURN_TYPE = YES_ERROR;
				GCC_WARN_UNDECLARED_SELECTOR = YES;
				GCC_WARN_UNINITIALIZED_AUTOS = YES_AGGRESSIVE;
				GCC_WARN_UNUSED_FUNCTION = YES;
				GCC_WARN_UNUSED_VARIABLE = YES;
				IPHONEOS_DEPLOYMENT_TARGET = 13.2;
				MTL_ENABLE_DEBUG_INFO = INCLUDE_SOURCE;
				MTL_FAST_MATH = YES;
				ONLY_ACTIVE_ARCH = YES;
				SDKROOT = iphoneos;
				SWIFT_ACTIVE_COMPILATION_CONDITIONS = DEBUG;
				SWIFT_OPTIMIZATION_LEVEL = "-Onone";
			};
			name = Debug;
		};
		32FD54E72555795E00BE13BD /* Release */ = {
			isa = XCBuildConfiguration;
			buildSettings = {
				ALWAYS_SEARCH_USER_PATHS = NO;
				CLANG_ANALYZER_NONNULL = YES;
				CLANG_ANALYZER_NUMBER_OBJECT_CONVERSION = YES_AGGRESSIVE;
				CLANG_CXX_LANGUAGE_STANDARD = "gnu++14";
				CLANG_CXX_LIBRARY = "libc++";
				CLANG_ENABLE_MODULES = YES;
				CLANG_ENABLE_OBJC_ARC = YES;
				CLANG_ENABLE_OBJC_WEAK = YES;
				CLANG_WARN_BLOCK_CAPTURE_AUTORELEASING = YES;
				CLANG_WARN_BOOL_CONVERSION = YES;
				CLANG_WARN_COMMA = YES;
				CLANG_WARN_CONSTANT_CONVERSION = YES;
				CLANG_WARN_DEPRECATED_OBJC_IMPLEMENTATIONS = YES;
				CLANG_WARN_DIRECT_OBJC_ISA_USAGE = YES_ERROR;
				CLANG_WARN_DOCUMENTATION_COMMENTS = YES;
				CLANG_WARN_EMPTY_BODY = YES;
				CLANG_WARN_ENUM_CONVERSION = YES;
				CLANG_WARN_INFINITE_RECURSION = YES;
				CLANG_WARN_INT_CONVERSION = YES;
				CLANG_WARN_NON_LITERAL_NULL_CONVERSION = YES;
				CLANG_WARN_OBJC_IMPLICIT_RETAIN_SELF = YES;
				CLANG_WARN_OBJC_LITERAL_CONVERSION = YES;
				CLANG_WARN_OBJC_ROOT_CLASS = YES_ERROR;
				CLANG_WARN_RANGE_LOOP_ANALYSIS = YES;
				CLANG_WARN_STRICT_PROTOTYPES = YES;
				CLANG_WARN_SUSPICIOUS_MOVE = YES;
				CLANG_WARN_UNGUARDED_AVAILABILITY = YES_AGGRESSIVE;
				CLANG_WARN_UNREACHABLE_CODE = YES;
				CLANG_WARN__DUPLICATE_METHOD_MATCH = YES;
				COPY_PHASE_STRIP = NO;
				DEBUG_INFORMATION_FORMAT = "dwarf-with-dsym";
				ENABLE_NS_ASSERTIONS = NO;
				ENABLE_STRICT_OBJC_MSGSEND = YES;
				GCC_C_LANGUAGE_STANDARD = gnu11;
				GCC_NO_COMMON_BLOCKS = YES;
				GCC_WARN_64_TO_32_BIT_CONVERSION = YES;
				GCC_WARN_ABOUT_RETURN_TYPE = YES_ERROR;
				GCC_WARN_UNDECLARED_SELECTOR = YES;
				GCC_WARN_UNINITIALIZED_AUTOS = YES_AGGRESSIVE;
				GCC_WARN_UNUSED_FUNCTION = YES;
				GCC_WARN_UNUSED_VARIABLE = YES;
				IPHONEOS_DEPLOYMENT_TARGET = 13.2;
				MTL_ENABLE_DEBUG_INFO = NO;
				MTL_FAST_MATH = YES;
				SDKROOT = iphoneos;
				SWIFT_COMPILATION_MODE = wholemodule;
				SWIFT_OPTIMIZATION_LEVEL = "-O";
				VALIDATE_PRODUCT = YES;
			};
			name = Release;
		};
		32FD54E92555795E00BE13BD /* Debug */ = {
			isa = XCBuildConfiguration;
			buildSettings = {
				ASSETCATALOG_COMPILER_APPICON_NAME = AppIcon;
				CODE_SIGN_STYLE = Automatic;
				DEVELOPMENT_TEAM = CM7S6W665Y;
				INFOPLIST_FILE = 11_06_MapKit/Info.plist;
				LD_RUNPATH_SEARCH_PATHS = (
					"$(inherited)",
					"@executable_path/Frameworks",
				);
				PRODUCT_BUNDLE_IDENTIFIER = "com.flf.-1-06-MapKit";
				PRODUCT_NAME = "$(TARGET_NAME)";
				SWIFT_VERSION = 5.0;
				TARGETED_DEVICE_FAMILY = "1,2";
			};
			name = Debug;
		};
		32FD54EA2555795E00BE13BD /* Release */ = {
			isa = XCBuildConfiguration;
			buildSettings = {
				ASSETCATALOG_COMPILER_APPICON_NAME = AppIcon;
				CODE_SIGN_STYLE = Automatic;
				DEVELOPMENT_TEAM = CM7S6W665Y;
				INFOPLIST_FILE = 11_06_MapKit/Info.plist;
				LD_RUNPATH_SEARCH_PATHS = (
					"$(inherited)",
					"@executable_path/Frameworks",
				);
				PRODUCT_BUNDLE_IDENTIFIER = "com.flf.-1-06-MapKit";
				PRODUCT_NAME = "$(TARGET_NAME)";
				SWIFT_VERSION = 5.0;
				TARGETED_DEVICE_FAMILY = "1,2";
			};
			name = Release;
		};
/* End XCBuildConfiguration section */

/* Begin XCConfigurationList section */
		32FD54CF2555794F00BE13BD /* Build configuration list for PBXProject "11_06_MapKit" */ = {
			isa = XCConfigurationList;
			buildConfigurations = (
				32FD54E62555795E00BE13BD /* Debug */,
				32FD54E72555795E00BE13BD /* Release */,
			);
			defaultConfigurationIsVisible = 0;
			defaultConfigurationName = Release;
		};
		32FD54E82555795E00BE13BD /* Build configuration list for PBXNativeTarget "11_06_MapKit" */ = {
			isa = XCConfigurationList;
			buildConfigurations = (
				32FD54E92555795E00BE13BD /* Debug */,
				32FD54EA2555795E00BE13BD /* Release */,
			);
			defaultConfigurationIsVisible = 0;
			defaultConfigurationName = Release;
		};
/* End XCConfigurationList section */
	};
	rootObject = 32FD54CC2555794F00BE13BD /* Project object */;
}
