// !$*UTF8*$!
{
	archiveVersion = 1;
	classes = {
	};
	objectVersion = 50;
	objects = {

/* Begin PBXBuildFile section */
		3096BD33252DF1BF00A85AD7 /* AppDelegate.swift in Sources */ = {isa = PBXBuildFile; fileRef = 3096BD32252DF1BF00A85AD7 /* AppDelegate.swift */; };
		3096BD35252DF1BF00A85AD7 /* SceneDelegate.swift in Sources */ = {isa = PBXBuildFile; fileRef = 3096BD34252DF1BF00A85AD7 /* SceneDelegate.swift */; };
		3096BD37252DF1BF00A85AD7 /* ViewController.swift in Sources */ = {isa = PBXBuildFile; fileRef = 3096BD36252DF1BF00A85AD7 /* ViewController.swift */; };
		3096BD3A252DF1BF00A85AD7 /* Main.storyboard in Resources */ = {isa = PBXBuildFile; fileRef = 3096BD38252DF1BF00A85AD7 /* Main.storyboard */; };
		3096BD3C252DF1C100A85AD7 /* Assets.xcassets in Resources */ = {isa = PBXBuildFile; fileRef = 3096BD3B252DF1C100A85AD7 /* Assets.xcassets */; };
		3096BD3F252DF1C100A85AD7 /* LaunchScreen.storyboard in Resources */ = {isa = PBXBuildFile; fileRef = 3096BD3D252DF1C100A85AD7 /* LaunchScreen.storyboard */; };
		3096BD47252DF1D100A85AD7 /* People.swift in Sources */ = {isa = PBXBuildFile; fileRef = 3096BD46252DF1D100A85AD7 /* People.swift */; };
		30AECDA5252DF8F700AFB448 /* ListPeopleTableViewCell.swift in Sources */ = {isa = PBXBuildFile; fileRef = 30AECDA4252DF8F700AFB448 /* ListPeopleTableViewCell.swift */; };
		30AECDA7252DFC1400AFB448 /* DetailPeople.storyboard in Resources */ = {isa = PBXBuildFile; fileRef = 30AECDA6252DFC1400AFB448 /* DetailPeople.storyboard */; };
		30AECDA9252DFC3100AFB448 /* DetailPeopleViewController.swift in Sources */ = {isa = PBXBuildFile; fileRef = 30AECDA8252DFC3100AFB448 /* DetailPeopleViewController.swift */; };
/* End PBXBuildFile section */

/* Begin PBXFileReference section */
		3096BD2F252DF1BF00A85AD7 /* ExSegmentedControl.app */ = {isa = PBXFileReference; explicitFileType = wrapper.application; includeInIndex = 0; path = ExSegmentedControl.app; sourceTree = BUILT_PRODUCTS_DIR; };
		3096BD32252DF1BF00A85AD7 /* AppDelegate.swift */ = {isa = PBXFileReference; lastKnownFileType = sourcecode.swift; path = AppDelegate.swift; sourceTree = "<group>"; };
		3096BD34252DF1BF00A85AD7 /* SceneDelegate.swift */ = {isa = PBXFileReference; lastKnownFileType = sourcecode.swift; path = SceneDelegate.swift; sourceTree = "<group>"; };
		3096BD36252DF1BF00A85AD7 /* ViewController.swift */ = {isa = PBXFileReference; lastKnownFileType = sourcecode.swift; path = ViewController.swift; sourceTree = "<group>"; };
		3096BD39252DF1BF00A85AD7 /* Base */ = {isa = PBXFileReference; lastKnownFileType = file.storyboard; name = Base; path = Base.lproj/Main.storyboard; sourceTree = "<group>"; };
		3096BD3B252DF1C100A85AD7 /* Assets.xcassets */ = {isa = PBXFileReference; lastKnownFileType = folder.assetcatalog; path = Assets.xcassets; sourceTree = "<group>"; };
		3096BD3E252DF1C100A85AD7 /* Base */ = {isa = PBXFileReference; lastKnownFileType = file.storyboard; name = Base; path = Base.lproj/LaunchScreen.storyboard; sourceTree = "<group>"; };
		3096BD40252DF1C100A85AD7 /* Info.plist */ = {isa = PBXFileReference; lastKnownFileType = text.plist.xml; path = Info.plist; sourceTree = "<group>"; };
		3096BD46252DF1D100A85AD7 /* People.swift */ = {isa = PBXFileReference; lastKnownFileType = sourcecode.swift; path = People.swift; sourceTree = "<group>"; };
		30AECDA4252DF8F700AFB448 /* ListPeopleTableViewCell.swift */ = {isa = PBXFileReference; lastKnownFileType = sourcecode.swift; path = ListPeopleTableViewCell.swift; sourceTree = "<group>"; };
		30AECDA6252DFC1400AFB448 /* DetailPeople.storyboard */ = {isa = PBXFileReference; lastKnownFileType = file.storyboard; path = DetailPeople.storyboard; sourceTree = "<group>"; };
		30AECDA8252DFC3100AFB448 /* DetailPeopleViewController.swift */ = {isa = PBXFileReference; lastKnownFileType = sourcecode.swift; path = DetailPeopleViewController.swift; sourceTree = "<group>"; };
/* End PBXFileReference section */

/* Begin PBXFrameworksBuildPhase section */
		3096BD2C252DF1BF00A85AD7 /* Frameworks */ = {
			isa = PBXFrameworksBuildPhase;
			buildActionMask = 2147483647;
			files = (
			);
			runOnlyForDeploymentPostprocessing = 0;
		};
/* End PBXFrameworksBuildPhase section */

/* Begin PBXGroup section */
		3096BD26252DF1BF00A85AD7 = {
			isa = PBXGroup;
			children = (
				3096BD31252DF1BF00A85AD7 /* ExSegmentedControl */,
				3096BD30252DF1BF00A85AD7 /* Products */,
			);
			sourceTree = "<group>";
		};
		3096BD30252DF1BF00A85AD7 /* Products */ = {
			isa = PBXGroup;
			children = (
				3096BD2F252DF1BF00A85AD7 /* ExSegmentedControl.app */,
			);
			name = Products;
			sourceTree = "<group>";
		};
		3096BD31252DF1BF00A85AD7 /* ExSegmentedControl */ = {
			isa = PBXGroup;
			children = (
				3096BD32252DF1BF00A85AD7 /* AppDelegate.swift */,
				3096BD34252DF1BF00A85AD7 /* SceneDelegate.swift */,
				3096BD36252DF1BF00A85AD7 /* ViewController.swift */,
				3096BD38252DF1BF00A85AD7 /* Main.storyboard */,
				3096BD3B252DF1C100A85AD7 /* Assets.xcassets */,
				3096BD3D252DF1C100A85AD7 /* LaunchScreen.storyboard */,
				3096BD40252DF1C100A85AD7 /* Info.plist */,
				3096BD46252DF1D100A85AD7 /* People.swift */,
				30AECDA4252DF8F700AFB448 /* ListPeopleTableViewCell.swift */,
				30AECDA6252DFC1400AFB448 /* DetailPeople.storyboard */,
				30AECDA8252DFC3100AFB448 /* DetailPeopleViewController.swift */,
			);
			path = ExSegmentedControl;
			sourceTree = "<group>";
		};
/* End PBXGroup section */

/* Begin PBXNativeTarget section */
		3096BD2E252DF1BF00A85AD7 /* ExSegmentedControl */ = {
			isa = PBXNativeTarget;
			buildConfigurationList = 3096BD43252DF1C100A85AD7 /* Build configuration list for PBXNativeTarget "ExSegmentedControl" */;
			buildPhases = (
				3096BD2B252DF1BF00A85AD7 /* Sources */,
				3096BD2C252DF1BF00A85AD7 /* Frameworks */,
				3096BD2D252DF1BF00A85AD7 /* Resources */,
			);
			buildRules = (
			);
			dependencies = (
			);
			name = ExSegmentedControl;
			productName = ExSegmentedControl;
			productReference = 3096BD2F252DF1BF00A85AD7 /* ExSegmentedControl.app */;
			productType = "com.apple.product-type.application";
		};
/* End PBXNativeTarget section */

/* Begin PBXProject section */
		3096BD27252DF1BF00A85AD7 /* Project object */ = {
			isa = PBXProject;
			attributes = {
				LastSwiftUpdateCheck = 1160;
				LastUpgradeCheck = 1160;
				ORGANIZATIONNAME = "Marcela Saidel";
				TargetAttributes = {
					3096BD2E252DF1BF00A85AD7 = {
						CreatedOnToolsVersion = 11.6;
					};
				};
			};
			buildConfigurationList = 3096BD2A252DF1BF00A85AD7 /* Build configuration list for PBXProject "ExSegmentedControl" */;
			compatibilityVersion = "Xcode 9.3";
			developmentRegion = en;
			hasScannedForEncodings = 0;
			knownRegions = (
				en,
				Base,
			);
			mainGroup = 3096BD26252DF1BF00A85AD7;
			productRefGroup = 3096BD30252DF1BF00A85AD7 /* Products */;
			projectDirPath = "";
			projectRoot = "";
			targets = (
				3096BD2E252DF1BF00A85AD7 /* ExSegmentedControl */,
			);
		};
/* End PBXProject section */

/* Begin PBXResourcesBuildPhase section */
		3096BD2D252DF1BF00A85AD7 /* Resources */ = {
			isa = PBXResourcesBuildPhase;
			buildActionMask = 2147483647;
			files = (
				3096BD3F252DF1C100A85AD7 /* LaunchScreen.storyboard in Resources */,
				3096BD3C252DF1C100A85AD7 /* Assets.xcassets in Resources */,
				30AECDA7252DFC1400AFB448 /* DetailPeople.storyboard in Resources */,
				3096BD3A252DF1BF00A85AD7 /* Main.storyboard in Resources */,
			);
			runOnlyForDeploymentPostprocessing = 0;
		};
/* End PBXResourcesBuildPhase section */

/* Begin PBXSourcesBuildPhase section */
		3096BD2B252DF1BF00A85AD7 /* Sources */ = {
			isa = PBXSourcesBuildPhase;
			buildActionMask = 2147483647;
			files = (
				3096BD37252DF1BF00A85AD7 /* ViewController.swift in Sources */,
				3096BD33252DF1BF00A85AD7 /* AppDelegate.swift in Sources */,
				3096BD47252DF1D100A85AD7 /* People.swift in Sources */,
				3096BD35252DF1BF00A85AD7 /* SceneDelegate.swift in Sources */,
				30AECDA9252DFC3100AFB448 /* DetailPeopleViewController.swift in Sources */,
				30AECDA5252DF8F700AFB448 /* ListPeopleTableViewCell.swift in Sources */,
			);
			runOnlyForDeploymentPostprocessing = 0;
		};
/* End PBXSourcesBuildPhase section */

/* Begin PBXVariantGroup section */
		3096BD38252DF1BF00A85AD7 /* Main.storyboard */ = {
			isa = PBXVariantGroup;
			children = (
				3096BD39252DF1BF00A85AD7 /* Base */,
			);
			name = Main.storyboard;
			sourceTree = "<group>";
		};
		3096BD3D252DF1C100A85AD7 /* LaunchScreen.storyboard */ = {
			isa = PBXVariantGroup;
			children = (
				3096BD3E252DF1C100A85AD7 /* Base */,
			);
			name = LaunchScreen.storyboard;
			sourceTree = "<group>";
		};
/* End PBXVariantGroup section */

/* Begin XCBuildConfiguration section */
		3096BD41252DF1C100A85AD7 /* Debug */ = {
			isa = XCBuildConfiguration;
			buildSettings = {
				ALWAYS_SEARCH_USER_PATHS = NO;
				CLANG_ANALYZER_NONNULL = YES;
				CLANG_ANALYZER_NUMBER_OBJECT_CONVERSION = YES_AGGRESSIVE;
				CLANG_CXX_LANGUAGE_STANDARD = "gnu++14";
				CLANG_CXX_LIBRARY = "libc++";
				CLANG_ENABLE_MODULES = YES;
				CLANG_ENABLE_OBJC_ARC = YES;
				CLANG_ENABLE_OBJC_WEAK = YES;
				CLANG_WARN_BLOCK_CAPTURE_AUTORELEASING = YES;
				CLANG_WARN_BOOL_CONVERSION = YES;
				CLANG_WARN_COMMA = YES;
				CLANG_WARN_CONSTANT_CONVERSION = YES;
				CLANG_WARN_DEPRECATED_OBJC_IMPLEMENTATIONS = YES;
				CLANG_WARN_DIRECT_OBJC_ISA_USAGE = YES_ERROR;
				CLANG_WARN_DOCUMENTATION_COMMENTS = YES;
				CLANG_WARN_EMPTY_BODY = YES;
				CLANG_WARN_ENUM_CONVERSION = YES;
				CLANG_WARN_INFINITE_RECURSION = YES;
				CLANG_WARN_INT_CONVERSION = YES;
				CLANG_WARN_NON_LITERAL_NULL_CONVERSION = YES;
				CLANG_WARN_OBJC_IMPLICIT_RETAIN_SELF = YES;
				CLANG_WARN_OBJC_LITERAL_CONVERSION = YES;
				CLANG_WARN_OBJC_ROOT_CLASS = YES_ERROR;
				CLANG_WARN_RANGE_LOOP_ANALYSIS = YES;
				CLANG_WARN_STRICT_PROTOTYPES = YES;
				CLANG_WARN_SUSPICIOUS_MOVE = YES;
				CLANG_WARN_UNGUARDED_AVAILABILITY = YES_AGGRESSIVE;
				CLANG_WARN_UNREACHABLE_CODE = YES;
				CLANG_WARN__DUPLICATE_METHOD_MATCH = YES;
				COPY_PHASE_STRIP = NO;
				DEBUG_INFORMATION_FORMAT = dwarf;
				ENABLE_STRICT_OBJC_MSGSEND = YES;
				ENABLE_TESTABILITY = YES;
				GCC_C_LANGUAGE_STANDARD = gnu11;
				GCC_DYNAMIC_NO_PIC = NO;
				GCC_NO_COMMON_BLOCKS = YES;
				GCC_OPTIMIZATION_LEVEL = 0;
				GCC_PREPROCESSOR_DEFINITIONS = (
					"DEBUG=1",
					"$(inherited)",
				);
				GCC_WARN_64_TO_32_BIT_CONVERSION = YES;
				GCC_WARN_ABOUT_RETURN_TYPE = YES_ERROR;
				GCC_WARN_UNDECLARED_SELECTOR = YES;
				GCC_WARN_UNINITIALIZED_AUTOS = YES_AGGRESSIVE;
				GCC_WARN_UNUSED_FUNCTION = YES;
				GCC_WARN_UNUSED_VARIABLE = YES;
				IPHONEOS_DEPLOYMENT_TARGET = 13.6;
				MTL_ENABLE_DEBUG_INFO = INCLUDE_SOURCE;
				MTL_FAST_MATH = YES;
				ONLY_ACTIVE_ARCH = YES;
				SDKROOT = iphoneos;
				SWIFT_ACTIVE_COMPILATION_CONDITIONS = DEBUG;
				SWIFT_OPTIMIZATION_LEVEL = "-Onone";
			};
			name = Debug;
		};
		3096BD42252DF1C100A85AD7 /* Release */ = {
			isa = XCBuildConfiguration;
			buildSettings = {
				ALWAYS_SEARCH_USER_PATHS = NO;
				CLANG_ANALYZER_NONNULL = YES;
				CLANG_ANALYZER_NUMBER_OBJECT_CONVERSION = YES_AGGRESSIVE;
				CLANG_CXX_LANGUAGE_STANDARD = "gnu++14";
				CLANG_CXX_LIBRARY = "libc++";
				CLANG_ENABLE_MODULES = YES;
				CLANG_ENABLE_OBJC_ARC = YES;
				CLANG_ENABLE_OBJC_WEAK = YES;
				CLANG_WARN_BLOCK_CAPTURE_AUTORELEASING = YES;
				CLANG_WARN_BOOL_CONVERSION = YES;
				CLANG_WARN_COMMA = YES;
				CLANG_WARN_CONSTANT_CONVERSION = YES;
				CLANG_WARN_DEPRECATED_OBJC_IMPLEMENTATIONS = YES;
				CLANG_WARN_DIRECT_OBJC_ISA_USAGE = YES_ERROR;
				CLANG_WARN_DOCUMENTATION_COMMENTS = YES;
				CLANG_WARN_EMPTY_BODY = YES;
				CLANG_WARN_ENUM_CONVERSION = YES;
				CLANG_WARN_INFINITE_RECURSION = YES;
				CLANG_WARN_INT_CONVERSION = YES;
				CLANG_WARN_NON_LITERAL_NULL_CONVERSION = YES;
				CLANG_WARN_OBJC_IMPLICIT_RETAIN_SELF = YES;
				CLANG_WARN_OBJC_LITERAL_CONVERSION = YES;
				CLANG_WARN_OBJC_ROOT_CLASS = YES_ERROR;
				CLANG_WARN_RANGE_LOOP_ANALYSIS = YES;
				CLANG_WARN_STRICT_PROTOTYPES = YES;
				CLANG_WARN_SUSPICIOUS_MOVE = YES;
				CLANG_WARN_UNGUARDED_AVAILABILITY = YES_AGGRESSIVE;
				CLANG_WARN_UNREACHABLE_CODE = YES;
				CLANG_WARN__DUPLICATE_METHOD_MATCH = YES;
				COPY_PHASE_STRIP = NO;
				DEBUG_INFORMATION_FORMAT = "dwarf-with-dsym";
				ENABLE_NS_ASSERTIONS = NO;
				ENABLE_STRICT_OBJC_MSGSEND = YES;
				GCC_C_LANGUAGE_STANDARD = gnu11;
				GCC_NO_COMMON_BLOCKS = YES;
				GCC_WARN_64_TO_32_BIT_CONVERSION = YES;
				GCC_WARN_ABOUT_RETURN_TYPE = YES_ERROR;
				GCC_WARN_UNDECLARED_SELECTOR = YES;
				GCC_WARN_UNINITIALIZED_AUTOS = YES_AGGRESSIVE;
				GCC_WARN_UNUSED_FUNCTION = YES;
				GCC_WARN_UNUSED_VARIABLE = YES;
				IPHONEOS_DEPLOYMENT_TARGET = 13.6;
				MTL_ENABLE_DEBUG_INFO = NO;
				MTL_FAST_MATH = YES;
				SDKROOT = iphoneos;
				SWIFT_COMPILATION_MODE = wholemodule;
				SWIFT_OPTIMIZATION_LEVEL = "-O";
				VALIDATE_PRODUCT = YES;
			};
			name = Release;
		};
		3096BD44252DF1C100A85AD7 /* Debug */ = {
			isa = XCBuildConfiguration;
			buildSettings = {
				ASSETCATALOG_COMPILER_APPICON_NAME = AppIcon;
				CODE_SIGN_STYLE = Automatic;
				DEVELOPMENT_TEAM = 8Z2LZUC99L;
				INFOPLIST_FILE = ExSegmentedControl/Info.plist;
				LD_RUNPATH_SEARCH_PATHS = (
					"$(inherited)",
					"@executable_path/Frameworks",
				);
				PRODUCT_BUNDLE_IDENTIFIER = br.com.marcela.ExSegmentedControl;
				PRODUCT_NAME = "$(TARGET_NAME)";
				SWIFT_VERSION = 5.0;
				TARGETED_DEVICE_FAMILY = "1,2";
			};
			name = Debug;
		};
		3096BD45252DF1C100A85AD7 /* Release */ = {
			isa = XCBuildConfiguration;
			buildSettings = {
				ASSETCATALOG_COMPILER_APPICON_NAME = AppIcon;
				CODE_SIGN_STYLE = Automatic;
				DEVELOPMENT_TEAM = 8Z2LZUC99L;
				INFOPLIST_FILE = ExSegmentedControl/Info.plist;
				LD_RUNPATH_SEARCH_PATHS = (
					"$(inherited)",
					"@executable_path/Frameworks",
				);
				PRODUCT_BUNDLE_IDENTIFIER = br.com.marcela.ExSegmentedControl;
				PRODUCT_NAME = "$(TARGET_NAME)";
				SWIFT_VERSION = 5.0;
				TARGETED_DEVICE_FAMILY = "1,2";
			};
			name = Release;
		};
/* End XCBuildConfiguration section */

/* Begin XCConfigurationList section */
		3096BD2A252DF1BF00A85AD7 /* Build configuration list for PBXProject "ExSegmentedControl" */ = {
			isa = XCConfigurationList;
			buildConfigurations = (
				3096BD41252DF1C100A85AD7 /* Debug */,
				3096BD42252DF1C100A85AD7 /* Release */,
			);
			defaultConfigurationIsVisible = 0;
			defaultConfigurationName = Release;
		};
		3096BD43252DF1C100A85AD7 /* Build configuration list for PBXNativeTarget "ExSegmentedControl" */ = {
			isa = XCConfigurationList;
			buildConfigurations = (
				3096BD44252DF1C100A85AD7 /* Debug */,
				3096BD45252DF1C100A85AD7 /* Release */,
			);
			defaultConfigurationIsVisible = 0;
			defaultConfigurationName = Release;
		};
/* End XCConfigurationList section */
	};
	rootObject = 3096BD27252DF1BF00A85AD7 /* Project object */;
}
