// !$*UTF8*$!
{
	archiveVersion = 1;
	classes = {
	};
	objectVersion = 50;
	objects = {

/* Begin PBXBuildFile section */
		306FFA4625309C91007338C0 /* AppDelegate.swift in Sources */ = {isa = PBXBuildFile; fileRef = 306FFA4525309C91007338C0 /* AppDelegate.swift */; };
		306FFA4825309C91007338C0 /* SceneDelegate.swift in Sources */ = {isa = PBXBuildFile; fileRef = 306FFA4725309C91007338C0 /* SceneDelegate.swift */; };
		306FFA4A25309C91007338C0 /* ViewController.swift in Sources */ = {isa = PBXBuildFile; fileRef = 306FFA4925309C91007338C0 /* ViewController.swift */; };
		306FFA4D25309C91007338C0 /* Main.storyboard in Resources */ = {isa = PBXBuildFile; fileRef = 306FFA4B25309C91007338C0 /* Main.storyboard */; };
		306FFA4F25309C93007338C0 /* Assets.xcassets in Resources */ = {isa = PBXBuildFile; fileRef = 306FFA4E25309C93007338C0 /* Assets.xcassets */; };
		306FFA5225309C93007338C0 /* LaunchScreen.storyboard in Resources */ = {isa = PBXBuildFile; fileRef = 306FFA5025309C93007338C0 /* LaunchScreen.storyboard */; };
		306FFA5B2530A398007338C0 /* Hotel.swift in Sources */ = {isa = PBXBuildFile; fileRef = 306FFA5A2530A398007338C0 /* Hotel.swift */; };
		306FFA5E2530A4CE007338C0 /* Tax.swift in Sources */ = {isa = PBXBuildFile; fileRef = 306FFA5D2530A4CE007338C0 /* Tax.swift */; };
/* End PBXBuildFile section */

/* Begin PBXFileReference section */
		306FFA4225309C91007338C0 /* DesafioReservaHotel.app */ = {isa = PBXFileReference; explicitFileType = wrapper.application; includeInIndex = 0; path = DesafioReservaHotel.app; sourceTree = BUILT_PRODUCTS_DIR; };
		306FFA4525309C91007338C0 /* AppDelegate.swift */ = {isa = PBXFileReference; lastKnownFileType = sourcecode.swift; path = AppDelegate.swift; sourceTree = "<group>"; };
		306FFA4725309C91007338C0 /* SceneDelegate.swift */ = {isa = PBXFileReference; lastKnownFileType = sourcecode.swift; path = SceneDelegate.swift; sourceTree = "<group>"; };
		306FFA4925309C91007338C0 /* ViewController.swift */ = {isa = PBXFileReference; lastKnownFileType = sourcecode.swift; path = ViewController.swift; sourceTree = "<group>"; };
		306FFA4C25309C91007338C0 /* Base */ = {isa = PBXFileReference; lastKnownFileType = file.storyboard; name = Base; path = Base.lproj/Main.storyboard; sourceTree = "<group>"; };
		306FFA4E25309C93007338C0 /* Assets.xcassets */ = {isa = PBXFileReference; lastKnownFileType = folder.assetcatalog; path = Assets.xcassets; sourceTree = "<group>"; };
		306FFA5125309C93007338C0 /* Base */ = {isa = PBXFileReference; lastKnownFileType = file.storyboard; name = Base; path = Base.lproj/LaunchScreen.storyboard; sourceTree = "<group>"; };
		306FFA5325309C93007338C0 /* Info.plist */ = {isa = PBXFileReference; lastKnownFileType = text.plist.xml; path = Info.plist; sourceTree = "<group>"; };
		306FFA5A2530A398007338C0 /* Hotel.swift */ = {isa = PBXFileReference; lastKnownFileType = sourcecode.swift; path = Hotel.swift; sourceTree = "<group>"; };
		306FFA5D2530A4CE007338C0 /* Tax.swift */ = {isa = PBXFileReference; lastKnownFileType = sourcecode.swift; path = Tax.swift; sourceTree = "<group>"; };
/* End PBXFileReference section */

/* Begin PBXFrameworksBuildPhase section */
		306FFA3F25309C91007338C0 /* Frameworks */ = {
			isa = PBXFrameworksBuildPhase;
			buildActionMask = 2147483647;
			files = (
			);
			runOnlyForDeploymentPostprocessing = 0;
		};
/* End PBXFrameworksBuildPhase section */

/* Begin PBXGroup section */
		306FFA3925309C91007338C0 = {
			isa = PBXGroup;
			children = (
				306FFA4425309C91007338C0 /* DesafioReservaHotel */,
				306FFA4325309C91007338C0 /* Products */,
			);
			sourceTree = "<group>";
		};
		306FFA4325309C91007338C0 /* Products */ = {
			isa = PBXGroup;
			children = (
				306FFA4225309C91007338C0 /* DesafioReservaHotel.app */,
			);
			name = Products;
			sourceTree = "<group>";
		};
		306FFA4425309C91007338C0 /* DesafioReservaHotel */ = {
			isa = PBXGroup;
			children = (
				306FFA4525309C91007338C0 /* AppDelegate.swift */,
				306FFA4725309C91007338C0 /* SceneDelegate.swift */,
				306FFA4925309C91007338C0 /* ViewController.swift */,
				306FFA4B25309C91007338C0 /* Main.storyboard */,
				306FFA4E25309C93007338C0 /* Assets.xcassets */,
				306FFA5025309C93007338C0 /* LaunchScreen.storyboard */,
				306FFA5325309C93007338C0 /* Info.plist */,
				306FFA5A2530A398007338C0 /* Hotel.swift */,
				306FFA5D2530A4CE007338C0 /* Tax.swift */,
			);
			path = DesafioReservaHotel;
			sourceTree = "<group>";
		};
/* End PBXGroup section */

/* Begin PBXNativeTarget section */
		306FFA4125309C91007338C0 /* DesafioReservaHotel */ = {
			isa = PBXNativeTarget;
			buildConfigurationList = 306FFA5625309C93007338C0 /* Build configuration list for PBXNativeTarget "DesafioReservaHotel" */;
			buildPhases = (
				306FFA3E25309C91007338C0 /* Sources */,
				306FFA3F25309C91007338C0 /* Frameworks */,
				306FFA4025309C91007338C0 /* Resources */,
			);
			buildRules = (
			);
			dependencies = (
			);
			name = DesafioReservaHotel;
			productName = DesafioReservaHotel;
			productReference = 306FFA4225309C91007338C0 /* DesafioReservaHotel.app */;
			productType = "com.apple.product-type.application";
		};
/* End PBXNativeTarget section */

/* Begin PBXProject section */
		306FFA3A25309C91007338C0 /* Project object */ = {
			isa = PBXProject;
			attributes = {
				LastSwiftUpdateCheck = 1200;
				LastUpgradeCheck = 1200;
				TargetAttributes = {
					306FFA4125309C91007338C0 = {
						CreatedOnToolsVersion = 12.0.1;
					};
				};
			};
			buildConfigurationList = 306FFA3D25309C91007338C0 /* Build configuration list for PBXProject "DesafioReservaHotel" */;
			compatibilityVersion = "Xcode 9.3";
			developmentRegion = en;
			hasScannedForEncodings = 0;
			knownRegions = (
				en,
				Base,
			);
			mainGroup = 306FFA3925309C91007338C0;
			productRefGroup = 306FFA4325309C91007338C0 /* Products */;
			projectDirPath = "";
			projectRoot = "";
			targets = (
				306FFA4125309C91007338C0 /* DesafioReservaHotel */,
			);
		};
/* End PBXProject section */

/* Begin PBXResourcesBuildPhase section */
		306FFA4025309C91007338C0 /* Resources */ = {
			isa = PBXResourcesBuildPhase;
			buildActionMask = 2147483647;
			files = (
				306FFA5225309C93007338C0 /* LaunchScreen.storyboard in Resources */,
				306FFA4F25309C93007338C0 /* Assets.xcassets in Resources */,
				306FFA4D25309C91007338C0 /* Main.storyboard in Resources */,
			);
			runOnlyForDeploymentPostprocessing = 0;
		};
/* End PBXResourcesBuildPhase section */

/* Begin PBXSourcesBuildPhase section */
		306FFA3E25309C91007338C0 /* Sources */ = {
			isa = PBXSourcesBuildPhase;
			buildActionMask = 2147483647;
			files = (
				306FFA4A25309C91007338C0 /* ViewController.swift in Sources */,
				306FFA4625309C91007338C0 /* AppDelegate.swift in Sources */,
				306FFA5E2530A4CE007338C0 /* Tax.swift in Sources */,
				306FFA5B2530A398007338C0 /* Hotel.swift in Sources */,
				306FFA4825309C91007338C0 /* SceneDelegate.swift in Sources */,
			);
			runOnlyForDeploymentPostprocessing = 0;
		};
/* End PBXSourcesBuildPhase section */

/* Begin PBXVariantGroup section */
		306FFA4B25309C91007338C0 /* Main.storyboard */ = {
			isa = PBXVariantGroup;
			children = (
				306FFA4C25309C91007338C0 /* Base */,
			);
			name = Main.storyboard;
			sourceTree = "<group>";
		};
		306FFA5025309C93007338C0 /* LaunchScreen.storyboard */ = {
			isa = PBXVariantGroup;
			children = (
				306FFA5125309C93007338C0 /* Base */,
			);
			name = LaunchScreen.storyboard;
			sourceTree = "<group>";
		};
/* End PBXVariantGroup section */

/* Begin XCBuildConfiguration section */
		306FFA5425309C93007338C0 /* Debug */ = {
			isa = XCBuildConfiguration;
			buildSettings = {
				ALWAYS_SEARCH_USER_PATHS = NO;
				CLANG_ANALYZER_NONNULL = YES;
				CLANG_ANALYZER_NUMBER_OBJECT_CONVERSION = YES_AGGRESSIVE;
				CLANG_CXX_LANGUAGE_STANDARD = "gnu++14";
				CLANG_CXX_LIBRARY = "libc++";
				CLANG_ENABLE_MODULES = YES;
				CLANG_ENABLE_OBJC_ARC = YES;
				CLANG_ENABLE_OBJC_WEAK = YES;
				CLANG_WARN_BLOCK_CAPTURE_AUTORELEASING = YES;
				CLANG_WARN_BOOL_CONVERSION = YES;
				CLANG_WARN_COMMA = YES;
				CLANG_WARN_CONSTANT_CONVERSION = YES;
				CLANG_WARN_DEPRECATED_OBJC_IMPLEMENTATIONS = YES;
				CLANG_WARN_DIRECT_OBJC_ISA_USAGE = YES_ERROR;
				CLANG_WARN_DOCUMENTATION_COMMENTS = YES;
				CLANG_WARN_EMPTY_BODY = YES;
				CLANG_WARN_ENUM_CONVERSION = YES;
				CLANG_WARN_INFINITE_RECURSION = YES;
				CLANG_WARN_INT_CONVERSION = YES;
				CLANG_WARN_NON_LITERAL_NULL_CONVERSION = YES;
				CLANG_WARN_OBJC_IMPLICIT_RETAIN_SELF = YES;
				CLANG_WARN_OBJC_LITERAL_CONVERSION = YES;
				CLANG_WARN_OBJC_ROOT_CLASS = YES_ERROR;
				CLANG_WARN_QUOTED_INCLUDE_IN_FRAMEWORK_HEADER = YES;
				CLANG_WARN_RANGE_LOOP_ANALYSIS = YES;
				CLANG_WARN_STRICT_PROTOTYPES = YES;
				CLANG_WARN_SUSPICIOUS_MOVE = YES;
				CLANG_WARN_UNGUARDED_AVAILABILITY = YES_AGGRESSIVE;
				CLANG_WARN_UNREACHABLE_CODE = YES;
				CLANG_WARN__DUPLICATE_METHOD_MATCH = YES;
				COPY_PHASE_STRIP = NO;
				DEBUG_INFORMATION_FORMAT = dwarf;
				ENABLE_STRICT_OBJC_MSGSEND = YES;
				ENABLE_TESTABILITY = YES;
				GCC_C_LANGUAGE_STANDARD = gnu11;
				GCC_DYNAMIC_NO_PIC = NO;
				GCC_NO_COMMON_BLOCKS = YES;
				GCC_OPTIMIZATION_LEVEL = 0;
				GCC_PREPROCESSOR_DEFINITIONS = (
					"DEBUG=1",
					"$(inherited)",
				);
				GCC_WARN_64_TO_32_BIT_CONVERSION = YES;
				GCC_WARN_ABOUT_RETURN_TYPE = YES_ERROR;
				GCC_WARN_UNDECLARED_SELECTOR = YES;
				GCC_WARN_UNINITIALIZED_AUTOS = YES_AGGRESSIVE;
				GCC_WARN_UNUSED_FUNCTION = YES;
				GCC_WARN_UNUSED_VARIABLE = YES;
				IPHONEOS_DEPLOYMENT_TARGET = 14.0;
				MTL_ENABLE_DEBUG_INFO = INCLUDE_SOURCE;
				MTL_FAST_MATH = YES;
				ONLY_ACTIVE_ARCH = YES;
				SDKROOT = iphoneos;
				SWIFT_ACTIVE_COMPILATION_CONDITIONS = DEBUG;
				SWIFT_OPTIMIZATION_LEVEL = "-Onone";
			};
			name = Debug;
		};
		306FFA5525309C93007338C0 /* Release */ = {
			isa = XCBuildConfiguration;
			buildSettings = {
				ALWAYS_SEARCH_USER_PATHS = NO;
				CLANG_ANALYZER_NONNULL = YES;
				CLANG_ANALYZER_NUMBER_OBJECT_CONVERSION = YES_AGGRESSIVE;
				CLANG_CXX_LANGUAGE_STANDARD = "gnu++14";
				CLANG_CXX_LIBRARY = "libc++";
				CLANG_ENABLE_MODULES = YES;
				CLANG_ENABLE_OBJC_ARC = YES;
				CLANG_ENABLE_OBJC_WEAK = YES;
				CLANG_WARN_BLOCK_CAPTURE_AUTORELEASING = YES;
				CLANG_WARN_BOOL_CONVERSION = YES;
				CLANG_WARN_COMMA = YES;
				CLANG_WARN_CONSTANT_CONVERSION = YES;
				CLANG_WARN_DEPRECATED_OBJC_IMPLEMENTATIONS = YES;
				CLANG_WARN_DIRECT_OBJC_ISA_USAGE = YES_ERROR;
				CLANG_WARN_DOCUMENTATION_COMMENTS = YES;
				CLANG_WARN_EMPTY_BODY = YES;
				CLANG_WARN_ENUM_CONVERSION = YES;
				CLANG_WARN_INFINITE_RECURSION = YES;
				CLANG_WARN_INT_CONVERSION = YES;
				CLANG_WARN_NON_LITERAL_NULL_CONVERSION = YES;
				CLANG_WARN_OBJC_IMPLICIT_RETAIN_SELF = YES;
				CLANG_WARN_OBJC_LITERAL_CONVERSION = YES;
				CLANG_WARN_OBJC_ROOT_CLASS = YES_ERROR;
				CLANG_WARN_QUOTED_INCLUDE_IN_FRAMEWORK_HEADER = YES;
				CLANG_WARN_RANGE_LOOP_ANALYSIS = YES;
				CLANG_WARN_STRICT_PROTOTYPES = YES;
				CLANG_WARN_SUSPICIOUS_MOVE = YES;
				CLANG_WARN_UNGUARDED_AVAILABILITY = YES_AGGRESSIVE;
				CLANG_WARN_UNREACHABLE_CODE = YES;
				CLANG_WARN__DUPLICATE_METHOD_MATCH = YES;
				COPY_PHASE_STRIP = NO;
				DEBUG_INFORMATION_FORMAT = "dwarf-with-dsym";
				ENABLE_NS_ASSERTIONS = NO;
				ENABLE_STRICT_OBJC_MSGSEND = YES;
				GCC_C_LANGUAGE_STANDARD = gnu11;
				GCC_NO_COMMON_BLOCKS = YES;
				GCC_WARN_64_TO_32_BIT_CONVERSION = YES;
				GCC_WARN_ABOUT_RETURN_TYPE = YES_ERROR;
				GCC_WARN_UNDECLARED_SELECTOR = YES;
				GCC_WARN_UNINITIALIZED_AUTOS = YES_AGGRESSIVE;
				GCC_WARN_UNUSED_FUNCTION = YES;
				GCC_WARN_UNUSED_VARIABLE = YES;
				IPHONEOS_DEPLOYMENT_TARGET = 14.0;
				MTL_ENABLE_DEBUG_INFO = NO;
				MTL_FAST_MATH = YES;
				SDKROOT = iphoneos;
				SWIFT_COMPILATION_MODE = wholemodule;
				SWIFT_OPTIMIZATION_LEVEL = "-O";
				VALIDATE_PRODUCT = YES;
			};
			name = Release;
		};
		306FFA5725309C93007338C0 /* Debug */ = {
			isa = XCBuildConfiguration;
			buildSettings = {
				ASSETCATALOG_COMPILER_APPICON_NAME = AppIcon;
				ASSETCATALOG_COMPILER_GLOBAL_ACCENT_COLOR_NAME = AccentColor;
				CODE_SIGN_STYLE = Automatic;
				DEVELOPMENT_TEAM = 8Z2LZUC99L;
				INFOPLIST_FILE = DesafioReservaHotel/Info.plist;
				LD_RUNPATH_SEARCH_PATHS = (
					"$(inherited)",
					"@executable_path/Frameworks",
				);
				PRODUCT_BUNDLE_IDENTIFIER = br.com.marcela.DesafioReservaHotel;
				PRODUCT_NAME = "$(TARGET_NAME)";
				SWIFT_VERSION = 5.0;
				TARGETED_DEVICE_FAMILY = "1,2";
			};
			name = Debug;
		};
		306FFA5825309C93007338C0 /* Release */ = {
			isa = XCBuildConfiguration;
			buildSettings = {
				ASSETCATALOG_COMPILER_APPICON_NAME = AppIcon;
				ASSETCATALOG_COMPILER_GLOBAL_ACCENT_COLOR_NAME = AccentColor;
				CODE_SIGN_STYLE = Automatic;
				DEVELOPMENT_TEAM = 8Z2LZUC99L;
				INFOPLIST_FILE = DesafioReservaHotel/Info.plist;
				LD_RUNPATH_SEARCH_PATHS = (
					"$(inherited)",
					"@executable_path/Frameworks",
				);
				PRODUCT_BUNDLE_IDENTIFIER = br.com.marcela.DesafioReservaHotel;
				PRODUCT_NAME = "$(TARGET_NAME)";
				SWIFT_VERSION = 5.0;
				TARGETED_DEVICE_FAMILY = "1,2";
			};
			name = Release;
		};
/* End XCBuildConfiguration section */

/* Begin XCConfigurationList section */
		306FFA3D25309C91007338C0 /* Build configuration list for PBXProject "DesafioReservaHotel" */ = {
			isa = XCConfigurationList;
			buildConfigurations = (
				306FFA5425309C93007338C0 /* Debug */,
				306FFA5525309C93007338C0 /* Release */,
			);
			defaultConfigurationIsVisible = 0;
			defaultConfigurationName = Release;
		};
		306FFA5625309C93007338C0 /* Build configuration list for PBXNativeTarget "DesafioReservaHotel" */ = {
			isa = XCConfigurationList;
			buildConfigurations = (
				306FFA5725309C93007338C0 /* Debug */,
				306FFA5825309C93007338C0 /* Release */,
			);
			defaultConfigurationIsVisible = 0;
			defaultConfigurationName = Release;
		};
/* End XCConfigurationList section */
	};
	rootObject = 306FFA3A25309C91007338C0 /* Project object */;
}
