// !$*UTF8*$!
{
	archiveVersion = 1;
	classes = {
	};
	objectVersion = 51;
	objects = {

/* Begin PBXBuildFile section */
		308B777225AF2A3A00C518F1 /* AppDelegate.swift in Sources */ = {isa = PBXBuildFile; fileRef = 308B777125AF2A3A00C518F1 /* AppDelegate.swift */; };
		308B777425AF2A3A00C518F1 /* SceneDelegate.swift in Sources */ = {isa = PBXBuildFile; fileRef = 308B777325AF2A3A00C518F1 /* SceneDelegate.swift */; };
		308B777625AF2A3A00C518F1 /* ViewController.swift in Sources */ = {isa = PBXBuildFile; fileRef = 308B777525AF2A3A00C518F1 /* ViewController.swift */; };
		308B777925AF2A3A00C518F1 /* Main.storyboard in Resources */ = {isa = PBXBuildFile; fileRef = 308B777725AF2A3A00C518F1 /* Main.storyboard */; };
		308B777B25AF2A3C00C518F1 /* Assets.xcassets in Resources */ = {isa = PBXBuildFile; fileRef = 308B777A25AF2A3C00C518F1 /* Assets.xcassets */; };
		308B777E25AF2A3C00C518F1 /* LaunchScreen.storyboard in Resources */ = {isa = PBXBuildFile; fileRef = 308B777C25AF2A3C00C518F1 /* LaunchScreen.storyboard */; };
		30A9B1EA25AF31790066C92E /* PeopleCell.swift in Sources */ = {isa = PBXBuildFile; fileRef = 30A9B1E925AF31790066C92E /* PeopleCell.swift */; };
		35DB272405674C3D1CAECB26 /* Pods_StarsWarsPagination.framework in Frameworks */ = {isa = PBXBuildFile; fileRef = 757B726A73CF83DD69719CBD /* Pods_StarsWarsPagination.framework */; };
/* End PBXBuildFile section */

/* Begin PBXFileReference section */
		308B776E25AF2A3A00C518F1 /* StarsWarsPagination.app */ = {isa = PBXFileReference; explicitFileType = wrapper.application; includeInIndex = 0; path = StarsWarsPagination.app; sourceTree = BUILT_PRODUCTS_DIR; };
		308B777125AF2A3A00C518F1 /* AppDelegate.swift */ = {isa = PBXFileReference; lastKnownFileType = sourcecode.swift; path = AppDelegate.swift; sourceTree = "<group>"; };
		308B777325AF2A3A00C518F1 /* SceneDelegate.swift */ = {isa = PBXFileReference; lastKnownFileType = sourcecode.swift; path = SceneDelegate.swift; sourceTree = "<group>"; };
		308B777525AF2A3A00C518F1 /* ViewController.swift */ = {isa = PBXFileReference; lastKnownFileType = sourcecode.swift; path = ViewController.swift; sourceTree = "<group>"; };
		308B777825AF2A3A00C518F1 /* Base */ = {isa = PBXFileReference; lastKnownFileType = file.storyboard; name = Base; path = Base.lproj/Main.storyboard; sourceTree = "<group>"; };
		308B777A25AF2A3C00C518F1 /* Assets.xcassets */ = {isa = PBXFileReference; lastKnownFileType = folder.assetcatalog; path = Assets.xcassets; sourceTree = "<group>"; };
		308B777D25AF2A3C00C518F1 /* Base */ = {isa = PBXFileReference; lastKnownFileType = file.storyboard; name = Base; path = Base.lproj/LaunchScreen.storyboard; sourceTree = "<group>"; };
		308B777F25AF2A3C00C518F1 /* Info.plist */ = {isa = PBXFileReference; lastKnownFileType = text.plist.xml; path = Info.plist; sourceTree = "<group>"; };
		30A9B1E725AF30630066C92E /* HeaderBridging.h */ = {isa = PBXFileReference; lastKnownFileType = sourcecode.c.h; path = HeaderBridging.h; sourceTree = "<group>"; };
		30A9B1E925AF31790066C92E /* PeopleCell.swift */ = {isa = PBXFileReference; lastKnownFileType = sourcecode.swift; path = PeopleCell.swift; sourceTree = "<group>"; };
		3E97EF837E503DFA1F05A73D /* Pods-StarsWarsPagination.release.xcconfig */ = {isa = PBXFileReference; includeInIndex = 1; lastKnownFileType = text.xcconfig; name = "Pods-StarsWarsPagination.release.xcconfig"; path = "Target Support Files/Pods-StarsWarsPagination/Pods-StarsWarsPagination.release.xcconfig"; sourceTree = "<group>"; };
		4C51B356A701CD14C779C99F /* Pods-StarsWarsPagination.debug.xcconfig */ = {isa = PBXFileReference; includeInIndex = 1; lastKnownFileType = text.xcconfig; name = "Pods-StarsWarsPagination.debug.xcconfig"; path = "Target Support Files/Pods-StarsWarsPagination/Pods-StarsWarsPagination.debug.xcconfig"; sourceTree = "<group>"; };
		757B726A73CF83DD69719CBD /* Pods_StarsWarsPagination.framework */ = {isa = PBXFileReference; explicitFileType = wrapper.framework; includeInIndex = 0; path = Pods_StarsWarsPagination.framework; sourceTree = BUILT_PRODUCTS_DIR; };
/* End PBXFileReference section */

/* Begin PBXFrameworksBuildPhase section */
		308B776B25AF2A3A00C518F1 /* Frameworks */ = {
			isa = PBXFrameworksBuildPhase;
			buildActionMask = 2147483647;
			files = (
				35DB272405674C3D1CAECB26 /* Pods_StarsWarsPagination.framework in Frameworks */,
			);
			runOnlyForDeploymentPostprocessing = 0;
		};
/* End PBXFrameworksBuildPhase section */

/* Begin PBXGroup section */
		1B63CACB9289DEB335F7F0F3 /* Pods */ = {
			isa = PBXGroup;
			children = (
				4C51B356A701CD14C779C99F /* Pods-StarsWarsPagination.debug.xcconfig */,
				3E97EF837E503DFA1F05A73D /* Pods-StarsWarsPagination.release.xcconfig */,
			);
			path = Pods;
			sourceTree = "<group>";
		};
		308B776525AF2A3A00C518F1 = {
			isa = PBXGroup;
			children = (
				308B777025AF2A3A00C518F1 /* StarsWarsPagination */,
				308B776F25AF2A3A00C518F1 /* Products */,
				1B63CACB9289DEB335F7F0F3 /* Pods */,
				3CC02F6A07C2003DC658FF73 /* Frameworks */,
			);
			sourceTree = "<group>";
		};
		308B776F25AF2A3A00C518F1 /* Products */ = {
			isa = PBXGroup;
			children = (
				308B776E25AF2A3A00C518F1 /* StarsWarsPagination.app */,
			);
			name = Products;
			sourceTree = "<group>";
		};
		308B777025AF2A3A00C518F1 /* StarsWarsPagination */ = {
			isa = PBXGroup;
			children = (
				308B777125AF2A3A00C518F1 /* AppDelegate.swift */,
				308B777325AF2A3A00C518F1 /* SceneDelegate.swift */,
				308B777525AF2A3A00C518F1 /* ViewController.swift */,
				30A9B1E725AF30630066C92E /* HeaderBridging.h */,
				308B777725AF2A3A00C518F1 /* Main.storyboard */,
				308B777A25AF2A3C00C518F1 /* Assets.xcassets */,
				308B777C25AF2A3C00C518F1 /* LaunchScreen.storyboard */,
				308B777F25AF2A3C00C518F1 /* Info.plist */,
				30A9B1E925AF31790066C92E /* PeopleCell.swift */,
			);
			path = StarsWarsPagination;
			sourceTree = "<group>";
		};
		3CC02F6A07C2003DC658FF73 /* Frameworks */ = {
			isa = PBXGroup;
			children = (
				757B726A73CF83DD69719CBD /* Pods_StarsWarsPagination.framework */,
			);
			name = Frameworks;
			sourceTree = "<group>";
		};
/* End PBXGroup section */

/* Begin PBXNativeTarget section */
		308B776D25AF2A3A00C518F1 /* StarsWarsPagination */ = {
			isa = PBXNativeTarget;
			buildConfigurationList = 308B778225AF2A3C00C518F1 /* Build configuration list for PBXNativeTarget "StarsWarsPagination" */;
			buildPhases = (
				A853350392035F2FB27011CA /* [CP] Check Pods Manifest.lock */,
				308B776A25AF2A3A00C518F1 /* Sources */,
				308B776B25AF2A3A00C518F1 /* Frameworks */,
				308B776C25AF2A3A00C518F1 /* Resources */,
				12F9BDAABE5BA2A32BFC3AB5 /* [CP] Embed Pods Frameworks */,
			);
			buildRules = (
			);
			dependencies = (
			);
			name = StarsWarsPagination;
			productName = StarsWarsPagination;
			productReference = 308B776E25AF2A3A00C518F1 /* StarsWarsPagination.app */;
			productType = "com.apple.product-type.application";
		};
/* End PBXNativeTarget section */

/* Begin PBXProject section */
		308B776625AF2A3A00C518F1 /* Project object */ = {
			isa = PBXProject;
			attributes = {
				LastSwiftUpdateCheck = 1220;
				LastUpgradeCheck = 1220;
				TargetAttributes = {
					308B776D25AF2A3A00C518F1 = {
						CreatedOnToolsVersion = 12.2;
					};
				};
			};
			buildConfigurationList = 308B776925AF2A3A00C518F1 /* Build configuration list for PBXProject "StarsWarsPagination" */;
			compatibilityVersion = "Xcode 9.3";
			developmentRegion = en;
			hasScannedForEncodings = 0;
			knownRegions = (
				en,
				Base,
			);
			mainGroup = 308B776525AF2A3A00C518F1;
			productRefGroup = 308B776F25AF2A3A00C518F1 /* Products */;
			projectDirPath = "";
			projectRoot = "";
			targets = (
				308B776D25AF2A3A00C518F1 /* StarsWarsPagination */,
			);
		};
/* End PBXProject section */

/* Begin PBXResourcesBuildPhase section */
		308B776C25AF2A3A00C518F1 /* Resources */ = {
			isa = PBXResourcesBuildPhase;
			buildActionMask = 2147483647;
			files = (
				308B777E25AF2A3C00C518F1 /* LaunchScreen.storyboard in Resources */,
				308B777B25AF2A3C00C518F1 /* Assets.xcassets in Resources */,
				308B777925AF2A3A00C518F1 /* Main.storyboard in Resources */,
			);
			runOnlyForDeploymentPostprocessing = 0;
		};
/* End PBXResourcesBuildPhase section */

/* Begin PBXShellScriptBuildPhase section */
		12F9BDAABE5BA2A32BFC3AB5 /* [CP] Embed Pods Frameworks */ = {
			isa = PBXShellScriptBuildPhase;
			buildActionMask = 2147483647;
			files = (
			);
			inputFileListPaths = (
				"${PODS_ROOT}/Target Support Files/Pods-StarsWarsPagination/Pods-StarsWarsPagination-frameworks-${CONFIGURATION}-input-files.xcfilelist",
			);
			name = "[CP] Embed Pods Frameworks";
			outputFileListPaths = (
				"${PODS_ROOT}/Target Support Files/Pods-StarsWarsPagination/Pods-StarsWarsPagination-frameworks-${CONFIGURATION}-output-files.xcfilelist",
			);
			runOnlyForDeploymentPostprocessing = 0;
			shellPath = /bin/sh;
			shellScript = "\"${PODS_ROOT}/Target Support Files/Pods-StarsWarsPagination/Pods-StarsWarsPagination-frameworks.sh\"\n";
			showEnvVarsInLog = 0;
		};
		A853350392035F2FB27011CA /* [CP] Check Pods Manifest.lock */ = {
			isa = PBXShellScriptBuildPhase;
			buildActionMask = 2147483647;
			files = (
			);
			inputFileListPaths = (
			);
			inputPaths = (
				"${PODS_PODFILE_DIR_PATH}/Podfile.lock",
				"${PODS_ROOT}/Manifest.lock",
			);
			name = "[CP] Check Pods Manifest.lock";
			outputFileListPaths = (
			);
			outputPaths = (
				"$(DERIVED_FILE_DIR)/Pods-StarsWarsPagination-checkManifestLockResult.txt",
			);
			runOnlyForDeploymentPostprocessing = 0;
			shellPath = /bin/sh;
			shellScript = "diff \"${PODS_PODFILE_DIR_PATH}/Podfile.lock\" \"${PODS_ROOT}/Manifest.lock\" > /dev/null\nif [ $? != 0 ] ; then\n    # print error to STDERR\n    echo \"error: The sandbox is not in sync with the Podfile.lock. Run 'pod install' or update your CocoaPods installation.\" >&2\n    exit 1\nfi\n# This output is used by Xcode 'outputs' to avoid re-running this script phase.\necho \"SUCCESS\" > \"${SCRIPT_OUTPUT_FILE_0}\"\n";
			showEnvVarsInLog = 0;
		};
/* End PBXShellScriptBuildPhase section */

/* Begin PBXSourcesBuildPhase section */
		308B776A25AF2A3A00C518F1 /* Sources */ = {
			isa = PBXSourcesBuildPhase;
			buildActionMask = 2147483647;
			files = (
				30A9B1EA25AF31790066C92E /* PeopleCell.swift in Sources */,
				308B777625AF2A3A00C518F1 /* ViewController.swift in Sources */,
				308B777225AF2A3A00C518F1 /* AppDelegate.swift in Sources */,
				308B777425AF2A3A00C518F1 /* SceneDelegate.swift in Sources */,
			);
			runOnlyForDeploymentPostprocessing = 0;
		};
/* End PBXSourcesBuildPhase section */

/* Begin PBXVariantGroup section */
		308B777725AF2A3A00C518F1 /* Main.storyboard */ = {
			isa = PBXVariantGroup;
			children = (
				308B777825AF2A3A00C518F1 /* Base */,
			);
			name = Main.storyboard;
			sourceTree = "<group>";
		};
		308B777C25AF2A3C00C518F1 /* LaunchScreen.storyboard */ = {
			isa = PBXVariantGroup;
			children = (
				308B777D25AF2A3C00C518F1 /* Base */,
			);
			name = LaunchScreen.storyboard;
			sourceTree = "<group>";
		};
/* End PBXVariantGroup section */

/* Begin XCBuildConfiguration section */
		308B778025AF2A3C00C518F1 /* Debug */ = {
			isa = XCBuildConfiguration;
			buildSettings = {
				ALWAYS_SEARCH_USER_PATHS = NO;
				CLANG_ANALYZER_NONNULL = YES;
				CLANG_ANALYZER_NUMBER_OBJECT_CONVERSION = YES_AGGRESSIVE;
				CLANG_CXX_LANGUAGE_STANDARD = "gnu++14";
				CLANG_CXX_LIBRARY = "libc++";
				CLANG_ENABLE_MODULES = YES;
				CLANG_ENABLE_OBJC_ARC = YES;
				CLANG_ENABLE_OBJC_WEAK = YES;
				CLANG_WARN_BLOCK_CAPTURE_AUTORELEASING = YES;
				CLANG_WARN_BOOL_CONVERSION = YES;
				CLANG_WARN_COMMA = YES;
				CLANG_WARN_CONSTANT_CONVERSION = YES;
				CLANG_WARN_DEPRECATED_OBJC_IMPLEMENTATIONS = YES;
				CLANG_WARN_DIRECT_OBJC_ISA_USAGE = YES_ERROR;
				CLANG_WARN_DOCUMENTATION_COMMENTS = YES;
				CLANG_WARN_EMPTY_BODY = YES;
				CLANG_WARN_ENUM_CONVERSION = YES;
				CLANG_WARN_INFINITE_RECURSION = YES;
				CLANG_WARN_INT_CONVERSION = YES;
				CLANG_WARN_NON_LITERAL_NULL_CONVERSION = YES;
				CLANG_WARN_OBJC_IMPLICIT_RETAIN_SELF = YES;
				CLANG_WARN_OBJC_LITERAL_CONVERSION = YES;
				CLANG_WARN_OBJC_ROOT_CLASS = YES_ERROR;
				CLANG_WARN_QUOTED_INCLUDE_IN_FRAMEWORK_HEADER = YES;
				CLANG_WARN_RANGE_LOOP_ANALYSIS = YES;
				CLANG_WARN_STRICT_PROTOTYPES = YES;
				CLANG_WARN_SUSPICIOUS_MOVE = YES;
				CLANG_WARN_UNGUARDED_AVAILABILITY = YES_AGGRESSIVE;
				CLANG_WARN_UNREACHABLE_CODE = YES;
				CLANG_WARN__DUPLICATE_METHOD_MATCH = YES;
				COPY_PHASE_STRIP = NO;
				DEBUG_INFORMATION_FORMAT = dwarf;
				ENABLE_STRICT_OBJC_MSGSEND = YES;
				ENABLE_TESTABILITY = YES;
				GCC_C_LANGUAGE_STANDARD = gnu11;
				GCC_DYNAMIC_NO_PIC = NO;
				GCC_NO_COMMON_BLOCKS = YES;
				GCC_OPTIMIZATION_LEVEL = 0;
				GCC_PREPROCESSOR_DEFINITIONS = (
					"DEBUG=1",
					"$(inherited)",
				);
				GCC_WARN_64_TO_32_BIT_CONVERSION = YES;
				GCC_WARN_ABOUT_RETURN_TYPE = YES_ERROR;
				GCC_WARN_UNDECLARED_SELECTOR = YES;
				GCC_WARN_UNINITIALIZED_AUTOS = YES_AGGRESSIVE;
				GCC_WARN_UNUSED_FUNCTION = YES;
				GCC_WARN_UNUSED_VARIABLE = YES;
				IPHONEOS_DEPLOYMENT_TARGET = 14.2;
				MTL_ENABLE_DEBUG_INFO = INCLUDE_SOURCE;
				MTL_FAST_MATH = YES;
				ONLY_ACTIVE_ARCH = YES;
				SDKROOT = iphoneos;
				SWIFT_ACTIVE_COMPILATION_CONDITIONS = DEBUG;
				SWIFT_OPTIMIZATION_LEVEL = "-Onone";
			};
			name = Debug;
		};
		308B778125AF2A3C00C518F1 /* Release */ = {
			isa = XCBuildConfiguration;
			buildSettings = {
				ALWAYS_SEARCH_USER_PATHS = NO;
				CLANG_ANALYZER_NONNULL = YES;
				CLANG_ANALYZER_NUMBER_OBJECT_CONVERSION = YES_AGGRESSIVE;
				CLANG_CXX_LANGUAGE_STANDARD = "gnu++14";
				CLANG_CXX_LIBRARY = "libc++";
				CLANG_ENABLE_MODULES = YES;
				CLANG_ENABLE_OBJC_ARC = YES;
				CLANG_ENABLE_OBJC_WEAK = YES;
				CLANG_WARN_BLOCK_CAPTURE_AUTORELEASING = YES;
				CLANG_WARN_BOOL_CONVERSION = YES;
				CLANG_WARN_COMMA = YES;
				CLANG_WARN_CONSTANT_CONVERSION = YES;
				CLANG_WARN_DEPRECATED_OBJC_IMPLEMENTATIONS = YES;
				CLANG_WARN_DIRECT_OBJC_ISA_USAGE = YES_ERROR;
				CLANG_WARN_DOCUMENTATION_COMMENTS = YES;
				CLANG_WARN_EMPTY_BODY = YES;
				CLANG_WARN_ENUM_CONVERSION = YES;
				CLANG_WARN_INFINITE_RECURSION = YES;
				CLANG_WARN_INT_CONVERSION = YES;
				CLANG_WARN_NON_LITERAL_NULL_CONVERSION = YES;
				CLANG_WARN_OBJC_IMPLICIT_RETAIN_SELF = YES;
				CLANG_WARN_OBJC_LITERAL_CONVERSION = YES;
				CLANG_WARN_OBJC_ROOT_CLASS = YES_ERROR;
				CLANG_WARN_QUOTED_INCLUDE_IN_FRAMEWORK_HEADER = YES;
				CLANG_WARN_RANGE_LOOP_ANALYSIS = YES;
				CLANG_WARN_STRICT_PROTOTYPES = YES;
				CLANG_WARN_SUSPICIOUS_MOVE = YES;
				CLANG_WARN_UNGUARDED_AVAILABILITY = YES_AGGRESSIVE;
				CLANG_WARN_UNREACHABLE_CODE = YES;
				CLANG_WARN__DUPLICATE_METHOD_MATCH = YES;
				COPY_PHASE_STRIP = NO;
				DEBUG_INFORMATION_FORMAT = "dwarf-with-dsym";
				ENABLE_NS_ASSERTIONS = NO;
				ENABLE_STRICT_OBJC_MSGSEND = YES;
				GCC_C_LANGUAGE_STANDARD = gnu11;
				GCC_NO_COMMON_BLOCKS = YES;
				GCC_WARN_64_TO_32_BIT_CONVERSION = YES;
				GCC_WARN_ABOUT_RETURN_TYPE = YES_ERROR;
				GCC_WARN_UNDECLARED_SELECTOR = YES;
				GCC_WARN_UNINITIALIZED_AUTOS = YES_AGGRESSIVE;
				GCC_WARN_UNUSED_FUNCTION = YES;
				GCC_WARN_UNUSED_VARIABLE = YES;
				IPHONEOS_DEPLOYMENT_TARGET = 14.2;
				MTL_ENABLE_DEBUG_INFO = NO;
				MTL_FAST_MATH = YES;
				SDKROOT = iphoneos;
				SWIFT_COMPILATION_MODE = wholemodule;
				SWIFT_OPTIMIZATION_LEVEL = "-O";
				VALIDATE_PRODUCT = YES;
			};
			name = Release;
		};
		308B778325AF2A3C00C518F1 /* Debug */ = {
			isa = XCBuildConfiguration;
			baseConfigurationReference = 4C51B356A701CD14C779C99F /* Pods-StarsWarsPagination.debug.xcconfig */;
			buildSettings = {
				ASSETCATALOG_COMPILER_APPICON_NAME = AppIcon;
				ASSETCATALOG_COMPILER_GLOBAL_ACCENT_COLOR_NAME = AccentColor;
				CODE_SIGN_STYLE = Automatic;
				DEVELOPMENT_TEAM = 8Z2LZUC99L;
				INFOPLIST_FILE = StarsWarsPagination/Info.plist;
				LD_RUNPATH_SEARCH_PATHS = (
					"$(inherited)",
					"@executable_path/Frameworks",
				);
				PRODUCT_BUNDLE_IDENTIFIER = br.com.StarsWarsPagination;
				PRODUCT_NAME = "$(TARGET_NAME)";
				SWIFT_VERSION = 5.0;
				TARGETED_DEVICE_FAMILY = "1,2";
			};
			name = Debug;
		};
		308B778425AF2A3C00C518F1 /* Release */ = {
			isa = XCBuildConfiguration;
			baseConfigurationReference = 3E97EF837E503DFA1F05A73D /* Pods-StarsWarsPagination.release.xcconfig */;
			buildSettings = {
				ASSETCATALOG_COMPILER_APPICON_NAME = AppIcon;
				ASSETCATALOG_COMPILER_GLOBAL_ACCENT_COLOR_NAME = AccentColor;
				CODE_SIGN_STYLE = Automatic;
				DEVELOPMENT_TEAM = 8Z2LZUC99L;
				INFOPLIST_FILE = StarsWarsPagination/Info.plist;
				LD_RUNPATH_SEARCH_PATHS = (
					"$(inherited)",
					"@executable_path/Frameworks",
				);
				PRODUCT_BUNDLE_IDENTIFIER = br.com.StarsWarsPagination;
				PRODUCT_NAME = "$(TARGET_NAME)";
				SWIFT_VERSION = 5.0;
				TARGETED_DEVICE_FAMILY = "1,2";
			};
			name = Release;
		};
/* End XCBuildConfiguration section */

/* Begin XCConfigurationList section */
		308B776925AF2A3A00C518F1 /* Build configuration list for PBXProject "StarsWarsPagination" */ = {
			isa = XCConfigurationList;
			buildConfigurations = (
				308B778025AF2A3C00C518F1 /* Debug */,
				308B778125AF2A3C00C518F1 /* Release */,
			);
			defaultConfigurationIsVisible = 0;
			defaultConfigurationName = Release;
		};
		308B778225AF2A3C00C518F1 /* Build configuration list for PBXNativeTarget "StarsWarsPagination" */ = {
			isa = XCConfigurationList;
			buildConfigurations = (
				308B778325AF2A3C00C518F1 /* Debug */,
				308B778425AF2A3C00C518F1 /* Release */,
			);
			defaultConfigurationIsVisible = 0;
			defaultConfigurationName = Release;
		};
/* End XCConfigurationList section */
	};
	rootObject = 308B776625AF2A3A00C518F1 /* Project object */;
}
