PODS:
  - Alamofire (5.4.0)
  - SwiftyJSON (5.0.0)
  - UIScrollView-InfiniteScroll (1.0.2)

DEPENDENCIES:
  - Alamofire (~> 5.2)
  - SwiftyJSON
  - UIScrollView-InfiniteScroll (~> 1.0.0)

SPEC REPOS:
  trunk:
    - Alamofire
    - SwiftyJSON
    - UIScrollView-InfiniteScroll

SPEC CHECKSUMS:
  Alamofire: 3b6a534a3df22db367e4dedeeca73d1ddfcf0e2f
  SwiftyJSON: 36413e04c44ee145039d332b4f4e2d3e8d6c4db7
  UIScrollView-InfiniteScroll: c132d6d5851daff229ab4a1060ccf70a05a051c9

PODFILE CHECKSUM: ffac8abdf0ab50551e8c11fb6a00596a278eb2bb

COCOAPODS: 1.10.0
